// !$*UTF8*$!
{
	archiveVersion = 1;
	classes = {
	};
	objectVersion = 46;
	objects = {

/* Begin PBXBuildFile section */
		47A615281A612FAF0015D085 /* AppDelegate.swift in Sources */ = {isa = PBXBuildFile; fileRef = 47A615271A612FAF0015D085 /* AppDelegate.swift */; };
		47A6152A1A612FAF0015D085 /* ViewController.swift in Sources */ = {isa = PBXBuildFile; fileRef = 47A615291A612FAF0015D085 /* ViewController.swift */; };
		47A6152D1A612FAF0015D085 /* Main.storyboard in Resources */ = {isa = PBXBuildFile; fileRef = 47A6152B1A612FAF0015D085 /* Main.storyboard */; };
		47A6152F1A612FAF0015D085 /* Images.xcassets in Resources */ = {isa = PBXBuildFile; fileRef = 47A6152E1A612FAF0015D085 /* Images.xcassets */; };
		47A615321A612FAF0015D085 /* LaunchScreen.xib in Resources */ = {isa = PBXBuildFile; fileRef = 47A615301A612FAF0015D085 /* LaunchScreen.xib */; };
		47A6153E1A612FAF0015D085 /* MyUnitConverterTests.swift in Sources */ = {isa = PBXBuildFile; fileRef = 47A6153D1A612FAF0015D085 /* MyUnitConverterTests.swift */; };
/* End PBXBuildFile section */

/* Begin PBXContainerItemProxy section */
		47A615381A612FAF0015D085 /* PBXContainerItemProxy */ = {
			isa = PBXContainerItemProxy;
			containerPortal = 47A6151A1A612FAF0015D085 /* Project object */;
			proxyType = 1;
			remoteGlobalIDString = 47A615211A612FAF0015D085;
			remoteInfo = MyUnitConverter;
		};
/* End PBXContainerItemProxy section */

/* Begin PBXFileReference section */
		47A615221A612FAF0015D085 /* MyUnitConverter.app */ = {isa = PBXFileReference; explicitFileType = wrapper.application; includeInIndex = 0; path = MyUnitConverter.app; sourceTree = BUILT_PRODUCTS_DIR; };
		47A615261A612FAF0015D085 /* Info.plist */ = {isa = PBXFileReference; lastKnownFileType = text.plist.xml; path = Info.plist; sourceTree = "<group>"; };
		47A615271A612FAF0015D085 /* AppDelegate.swift */ = {isa = PBXFileReference; lastKnownFileType = sourcecode.swift; path = AppDelegate.swift; sourceTree = "<group>"; };
		47A615291A612FAF0015D085 /* ViewController.swift */ = {isa = PBXFileReference; lastKnownFileType = sourcecode.swift; path = ViewController.swift; sourceTree = "<group>"; };
		47A6152C1A612FAF0015D085 /* Base */ = {isa = PBXFileReference; lastKnownFileType = file.storyboard; name = Base; path = Base.lproj/Main.storyboard; sourceTree = "<group>"; };
		47A6152E1A612FAF0015D085 /* Images.xcassets */ = {isa = PBXFileReference; lastKnownFileType = folder.assetcatalog; path = Images.xcassets; sourceTree = "<group>"; };
		47A615311A612FAF0015D085 /* Base */ = {isa = PBXFileReference; lastKnownFileType = file.xib; name = Base; path = Base.lproj/LaunchScreen.xib; sourceTree = "<group>"; };
		47A615371A612FAF0015D085 /* MyUnitConverterTests.xctest */ = {isa = PBXFileReference; explicitFileType = wrapper.cfbundle; includeInIndex = 0; path = MyUnitConverterTests.xctest; sourceTree = BUILT_PRODUCTS_DIR; };
		47A6153C1A612FAF0015D085 /* Info.plist */ = {isa = PBXFileReference; lastKnownFileType = text.plist.xml; path = Info.plist; sourceTree = "<group>"; };
		47A6153D1A612FAF0015D085 /* MyUnitConverterTests.swift */ = {isa = PBXFileReference; lastKnownFileType = sourcecode.swift; path = MyUnitConverterTests.swift; sourceTree = "<group>"; };
/* End PBXFileReference section */

/* Begin PBXFrameworksBuildPhase section */
		47A6151F1A612FAF0015D085 /* Frameworks */ = {
			isa = PBXFrameworksBuildPhase;
			buildActionMask = 2147483647;
			files = (
			);
			runOnlyForDeploymentPostprocessing = 0;
		};
		47A615341A612FAF0015D085 /* Frameworks */ = {
			isa = PBXFrameworksBuildPhase;
			buildActionMask = 2147483647;
			files = (
			);
			runOnlyForDeploymentPostprocessing = 0;
		};
/* End PBXFrameworksBuildPhase section */

/* Begin PBXGroup section */
		47A615191A612FAF0015D085 = {
			isa = PBXGroup;
			children = (
				47A615241A612FAF0015D085 /* MyUnitConverter */,
				47A6153A1A612FAF0015D085 /* MyUnitConverterTests */,
				47A615231A612FAF0015D085 /* Products */,
			);
			sourceTree = "<group>";
		};
		47A615231A612FAF0015D085 /* Products */ = {
			isa = PBXGroup;
			children = (
				47A615221A612FAF0015D085 /* MyUnitConverter.app */,
				47A615371A612FAF0015D085 /* MyUnitConverterTests.xctest */,
			);
			name = Products;
			sourceTree = "<group>";
		};
		47A615241A612FAF0015D085 /* MyUnitConverter */ = {
			isa = PBXGroup;
			children = (
				47A615271A612FAF0015D085 /* AppDelegate.swift */,
				47A615291A612FAF0015D085 /* ViewController.swift */,
				47A6152B1A612FAF0015D085 /* Main.storyboard */,
				47A6152E1A612FAF0015D085 /* Images.xcassets */,
				47A615301A612FAF0015D085 /* LaunchScreen.xib */,
				47A615251A612FAF0015D085 /* Supporting Files */,
			);
			path = MyUnitConverter;
			sourceTree = "<group>";
		};
		47A615251A612FAF0015D085 /* Supporting Files */ = {
			isa = PBXGroup;
			children = (
				47A615261A612FAF0015D085 /* Info.plist */,
			);
			name = "Supporting Files";
			sourceTree = "<group>";
		};
		47A6153A1A612FAF0015D085 /* MyUnitConverterTests */ = {
			isa = PBXGroup;
			children = (
				47A6153D1A612FAF0015D085 /* MyUnitConverterTests.swift */,
				47A6153B1A612FAF0015D085 /* Supporting Files */,
			);
			path = MyUnitConverterTests;
			sourceTree = "<group>";
		};
		47A6153B1A612FAF0015D085 /* Supporting Files */ = {
			isa = PBXGroup;
			children = (
				47A6153C1A612FAF0015D085 /* Info.plist */,
			);
			name = "Supporting Files";
			sourceTree = "<group>";
		};
/* End PBXGroup section */

/* Begin PBXNativeTarget section */
		47A615211A612FAF0015D085 /* MyUnitConverter */ = {
			isa = PBXNativeTarget;
			buildConfigurationList = 47A615411A612FAF0015D085 /* Build configuration list for PBXNativeTarget "MyUnitConverter" */;
			buildPhases = (
				47A6151E1A612FAF0015D085 /* Sources */,
				47A6151F1A612FAF0015D085 /* Frameworks */,
				47A615201A612FAF0015D085 /* Resources */,
			);
			buildRules = (
			);
			dependencies = (
			);
			name = MyUnitConverter;
			productName = MyUnitConverter;
			productReference = 47A615221A612FAF0015D085 /* MyUnitConverter.app */;
			productType = "com.apple.product-type.application";
		};
		47A615361A612FAF0015D085 /* MyUnitConverterTests */ = {
			isa = PBXNativeTarget;
			buildConfigurationList = 47A615441A612FAF0015D085 /* Build configuration list for PBXNativeTarget "MyUnitConverterTests" */;
			buildPhases = (
				47A615331A612FAF0015D085 /* Sources */,
				47A615341A612FAF0015D085 /* Frameworks */,
				47A615351A612FAF0015D085 /* Resources */,
			);
			buildRules = (
			);
			dependencies = (
				47A615391A612FAF0015D085 /* PBXTargetDependency */,
			);
			name = MyUnitConverterTests;
			productName = MyUnitConverterTests;
			productReference = 47A615371A612FAF0015D085 /* MyUnitConverterTests.xctest */;
			productType = "com.apple.product-type.bundle.unit-test";
		};
/* End PBXNativeTarget section */

/* Begin PBXProject section */
		47A6151A1A612FAF0015D085 /* Project object */ = {
			isa = PBXProject;
			attributes = {
				LastUpgradeCheck = 0610;
				ORGANIZATIONNAME = "Max Kravchenko";
				TargetAttributes = {
					47A615211A612FAF0015D085 = {
						CreatedOnToolsVersion = 6.1.1;
					};
					47A615361A612FAF0015D085 = {
						CreatedOnToolsVersion = 6.1.1;
						TestTargetID = 47A615211A612FAF0015D085;
					};
				};
			};
			buildConfigurationList = 47A6151D1A612FAF0015D085 /* Build configuration list for PBXProject "MyUnitConverter" */;
			compatibilityVersion = "Xcode 3.2";
			developmentRegion = English;
			hasScannedForEncodings = 0;
			knownRegions = (
				en,
				Base,
			);
			mainGroup = 47A615191A612FAF0015D085;
			productRefGroup = 47A615231A612FAF0015D085 /* Products */;
			projectDirPath = "";
			projectRoot = "";
			targets = (
				47A615211A612FAF0015D085 /* MyUnitConverter */,
				47A615361A612FAF0015D085 /* MyUnitConverterTests */,
			);
		};
/* End PBXProject section */

/* Begin PBXResourcesBuildPhase section */
		47A615201A612FAF0015D085 /* Resources */ = {
			isa = PBXResourcesBuildPhase;
			buildActionMask = 2147483647;
			files = (
				47A6152D1A612FAF0015D085 /* Main.storyboard in Resources */,
				47A615321A612FAF0015D085 /* LaunchScreen.xib in Resources */,
				47A6152F1A612FAF0015D085 /* Images.xcassets in Resources */,
			);
			runOnlyForDeploymentPostprocessing = 0;
		};
		47A615351A612FAF0015D085 /* Resources */ = {
			isa = PBXResourcesBuildPhase;
			buildActionMask = 2147483647;
			files = (
			);
			runOnlyForDeploymentPostprocessing = 0;
		};
/* End PBXResourcesBuildPhase section */

/* Begin PBXSourcesBuildPhase section */
		47A6151E1A612FAF0015D085 /* Sources */ = {
			isa = PBXSourcesBuildPhase;
			buildActionMask = 2147483647;
			files = (
				47A6152A1A612FAF0015D085 /* ViewController.swift in Sources */,
				47A615281A612FAF0015D085 /* AppDelegate.swift in Sources */,
			);
			runOnlyForDeploymentPostprocessing = 0;
		};
		47A615331A612FAF0015D085 /* Sources */ = {
			isa = PBXSourcesBuildPhase;
			buildActionMask = 2147483647;
			files = (
				47A6153E1A612FAF0015D085 /* MyUnitConverterTests.swift in Sources */,
			);
			runOnlyForDeploymentPostprocessing = 0;
		};
/* End PBXSourcesBuildPhase section */

/* Begin PBXTargetDependency section */
		47A615391A612FAF0015D085 /* PBXTargetDependency */ = {
			isa = PBXTargetDependency;
			target = 47A615211A612FAF0015D085 /* MyUnitConverter */;
			targetProxy = 47A615381A612FAF0015D085 /* PBXContainerItemProxy */;
		};
/* End PBXTargetDependency section */

/* Begin PBXVariantGroup section */
		47A6152B1A612FAF0015D085 /* Main.storyboard */ = {
			isa = PBXVariantGroup;
			children = (
				47A6152C1A612FAF0015D085 /* Base */,
			);
			name = Main.storyboard;
			sourceTree = "<group>";
		};
		47A615301A612FAF0015D085 /* LaunchScreen.xib */ = {
			isa = PBXVariantGroup;
			children = (
				47A615311A612FAF0015D085 /* Base */,
			);
			name = LaunchScreen.xib;
			sourceTree = "<group>";
		};
/* End PBXVariantGroup section */

/* Begin XCBuildConfiguration section */
		47A6153F1A612FAF0015D085 /* Debug */ = {
			isa = XCBuildConfiguration;
			buildSettings = {
				ALWAYS_SEARCH_USER_PATHS = NO;
				CLANG_CXX_LANGUAGE_STANDARD = "gnu++0x";
				CLANG_CXX_LIBRARY = "libc++";
				CLANG_ENABLE_MODULES = YES;
				CLANG_ENABLE_OBJC_ARC = YES;
				CLANG_WARN_BOOL_CONVERSION = YES;
				CLANG_WARN_CONSTANT_CONVERSION = YES;
				CLANG_WARN_DIRECT_OBJC_ISA_USAGE = YES_ERROR;
				CLANG_WARN_EMPTY_BODY = YES;
				CLANG_WARN_ENUM_CONVERSION = YES;
				CLANG_WARN_INT_CONVERSION = YES;
				CLANG_WARN_OBJC_ROOT_CLASS = YES_ERROR;
				CLANG_WARN_UNREACHABLE_CODE = YES;
				CLANG_WARN__DUPLICATE_METHOD_MATCH = YES;
				"CODE_SIGN_IDENTITY[sdk=iphoneos*]" = "iPhone Developer";
				COPY_PHASE_STRIP = NO;
				ENABLE_STRICT_OBJC_MSGSEND = YES;
				GCC_C_LANGUAGE_STANDARD = gnu99;
				GCC_DYNAMIC_NO_PIC = NO;
				GCC_OPTIMIZATION_LEVEL = 0;
				GCC_PREPROCESSOR_DEFINITIONS = (
					"DEBUG=1",
					"$(inherited)",
				);
				GCC_SYMBOLS_PRIVATE_EXTERN = NO;
				GCC_WARN_64_TO_32_BIT_CONVERSION = YES;
				GCC_WARN_ABOUT_RETURN_TYPE = YES_ERROR;
				GCC_WARN_UNDECLARED_SELECTOR = YES;
				GCC_WARN_UNINITIALIZED_AUTOS = YES_AGGRESSIVE;
				GCC_WARN_UNUSED_FUNCTION = YES;
				GCC_WARN_UNUSED_VARIABLE = YES;
				IPHONEOS_DEPLOYMENT_TARGET = 8.1;
				MTL_ENABLE_DEBUG_INFO = YES;
				ONLY_ACTIVE_ARCH = YES;
				SDKROOT = iphoneos;
				SWIFT_OPTIMIZATION_LEVEL = "-Onone";
				TARGETED_DEVICE_FAMILY = "1,2";
			};
			name = Debug;
		};
		47A615401A612FAF0015D085 /* Release */ = {
			isa = XCBuildConfiguration;
			buildSettings = {
				ALWAYS_SEARCH_USER_PATHS = NO;
				CLANG_CXX_LANGUAGE_STANDARD = "gnu++0x";
				CLANG_CXX_LIBRARY = "libc++";
				CLANG_ENABLE_MODULES = YES;
				CLANG_ENABLE_OBJC_ARC = YES;
				CLANG_WARN_BOOL_CONVERSION = YES;
				CLANG_WARN_CONSTANT_CONVERSION = YES;
				CLANG_WARN_DIRECT_OBJC_ISA_USAGE = YES_ERROR;
				CLANG_WARN_EMPTY_BODY = YES;
				CLANG_WARN_ENUM_CONVERSION = YES;
				CLANG_WARN_INT_CONVERSION = YES;
				CLANG_WARN_OBJC_ROOT_CLASS = YES_ERROR;
				CLANG_WARN_UNREACHABLE_CODE = YES;
				CLANG_WARN__DUPLICATE_METHOD_MATCH = YES;
				"CODE_SIGN_IDENTITY[sdk=iphoneos*]" = "iPhone Developer";
				COPY_PHASE_STRIP = YES;
				ENABLE_NS_ASSERTIONS = NO;
				ENABLE_STRICT_OBJC_MSGSEND = YES;
				GCC_C_LANGUAGE_STANDARD = gnu99;
				GCC_WARN_64_TO_32_BIT_CONVERSION = YES;
				GCC_WARN_ABOUT_RETURN_TYPE = YES_ERROR;
				GCC_WARN_UNDECLARED_SELECTOR = YES;
				GCC_WARN_UNINITIALIZED_AUTOS = YES_AGGRESSIVE;
				GCC_WARN_UNUSED_FUNCTION = YES;
				GCC_WARN_UNUSED_VARIABLE = YES;
				IPHONEOS_DEPLOYMENT_TARGET = 8.1;
				MTL_ENABLE_DEBUG_INFO = NO;
				SDKROOT = iphoneos;
				TARGETED_DEVICE_FAMILY = "1,2";
				VALIDATE_PRODUCT = YES;
			};
			name = Release;
		};
		47A615421A612FAF0015D085 /* Debug */ = {
			isa = XCBuildConfiguration;
			buildSettings = {
				ASSETCATALOG_COMPILER_APPICON_NAME = AppIcon;
				INFOPLIST_FILE = MyUnitConverter/Info.plist;
				LD_RUNPATH_SEARCH_PATHS = "$(inherited) @executable_path/Frameworks";
				PRODUCT_NAME = "$(TARGET_NAME)";
			};
			name = Debug;
		};
		47A615431A612FAF0015D085 /* Release */ = {
			isa = XCBuildConfiguration;
			buildSettings = {
				ASSETCATALOG_COMPILER_APPICON_NAME = AppIcon;
				INFOPLIST_FILE = MyUnitConverter/Info.plist;
				LD_RUNPATH_SEARCH_PATHS = "$(inherited) @executable_path/Frameworks";
				PRODUCT_NAME = "$(TARGET_NAME)";
			};
			name = Release;
		};
		47A615451A612FAF0015D085 /* Debug */ = {
			isa = XCBuildConfiguration;
			buildSettings = {
				BUNDLE_LOADER = "$(TEST_HOST)";
				FRAMEWORK_SEARCH_PATHS = (
					"$(SDKROOT)/Developer/Library/Frameworks",
					"$(inherited)",
				);
				GCC_PREPROCESSOR_DEFINITIONS = (
					"DEBUG=1",
					"$(inherited)",
				);
				INFOPLIST_FILE = MyUnitConverterTests/Info.plist;
				LD_RUNPATH_SEARCH_PATHS = "$(inherited) @executable_path/Frameworks @loader_path/Frameworks";
				PRODUCT_NAME = "$(TARGET_NAME)";
				TEST_HOST = "$(BUILT_PRODUCTS_DIR)/MyUnitConverter.app/MyUnitConverter";
			};
			name = Debug;
		};
		47A615461A612FAF0015D085 /* Release */ = {
			isa = XCBuildConfiguration;
			buildSettings = {
				BUNDLE_LOADER = "$(TEST_HOST)";
				FRAMEWORK_SEARCH_PATHS = (
					"$(SDKROOT)/Developer/Library/Frameworks",
					"$(inherited)",
				);
				INFOPLIST_FILE = MyUnitConverterTests/Info.plist;
				LD_RUNPATH_SEARCH_PATHS = "$(inherited) @executable_path/Frameworks @loader_path/Frameworks";
				PRODUCT_NAME = "$(TARGET_NAME)";
				TEST_HOST = "$(BUILT_PRODUCTS_DIR)/MyUnitConverter.app/MyUnitConverter";
			};
			name = Release;
		};
/* End XCBuildConfiguration section */

/* Begin XCConfigurationList section */
		47A6151D1A612FAF0015D085 /* Build configuration list for PBXProject "MyUnitConverter" */ = {
			isa = XCConfigurationList;
			buildConfigurations = (
				47A6153F1A612FAF0015D085 /* Debug */,
				47A615401A612FAF0015D085 /* Release */,
			);
			defaultConfigurationIsVisible = 0;
			defaultConfigurationName = Release;
		};
		47A615411A612FAF0015D085 /* Build configuration list for PBXNativeTarget "MyUnitConverter" */ = {
			isa = XCConfigurationList;
			buildConfigurations = (
				47A615421A612FAF0015D085 /* Debug */,
				47A615431A612FAF0015D085 /* Release */,
			);
			defaultConfigurationIsVisible = 0;
		};
		47A615441A612FAF0015D085 /* Build configuration list for PBXNativeTarget "MyUnitConverterTests" */ = {
			isa = XCConfigurationList;
			buildConfigurations = (
				47A615451A612FAF0015D085 /* Debug */,
				47A615461A612FAF0015D085 /* Release */,
			);
			defaultConfigurationIsVisible = 0;
		};
/* End XCConfigurationList section */
	};
	rootObject = 47A6151A1A612FAF0015D085 /* Project object */;
}
